Microsoft Visual Studio Solution File, Format Version 11.00
# Visual Studio 2008

Project("{6E709CE0-814F-2A75-4FA5-9B7A4F6FE061}") = "DesignManager", "Assembly-CSharp.csproj", "{A91ABDDE-0D61-911B-5C74-5DE537119778}"
EndProject
Project("{6E709CE0-814F-2A75-4FA5-9B7A4F6FE061}") = "DesignManager", "Assembly-CSharp-Editor.csproj", "{AC1B2301-8FFA-1613-F51B-5241C8131F5E}"
EndProject
Global
	GlobalSection(SolutionConfigurationPlatforms) = preSolution
		Debug|Any CPU = Debug|Any CPU
		Release|Any CPU = Release|Any CPU
	EndGlobalSection
	GlobalSection(ProjectConfigurationPlatforms) = postSolution
		{A91ABDDE-0D61-911B-5C74-5DE537119778}.Debug|Any CPU.ActiveCfg = Debug|Any CPU
		{A91ABDDE-0D61-911B-5C74-5DE537119778}.Debug|Any CPU.Build.0 = Debug|Any CPU
		{A91ABDDE-0D61-911B-5C74-5DE537119778}.Release|Any CPU.ActiveCfg = Release|Any CPU
		{A91ABDDE-0D61-911B-5C74-5DE537119778}.Release|Any CPU.Build.0 = Release|Any CPU
		{AC1B2301-8FFA-1613-F51B-5241C8131F5E}.Debug|Any CPU.ActiveCfg = Debug|Any CPU
		{AC1B2301-8FFA-1613-F51B-5241C8131F5E}.Debug|Any CPU.Build.0 = Debug|Any CPU
		{AC1B2301-8FFA-1613-F51B-5241C8131F5E}.Release|Any CPU.ActiveCfg = Release|Any CPU
		{AC1B2301-8FFA-1613-F51B-5241C8131F5E}.Release|Any CPU.Build.0 = Release|Any CPU
	EndGlobalSection
	GlobalSection(SolutionProperties) = preSolution
		HideSolutionNode = FALSE
	EndGlobalSection
																						GlobalSection(MonoDevelopProperties) = preSolution
		StartupItem = Assembly-CSharp.csproj
		Policies = $0
		$0.TextStylePolicy = $1
		$1.inheritsSet = null
		$1.scope = text/x-csharp
		$0.CSharpFormattingPolicy = $2
		$2.inheritsSet = Mono
		$2.inheritsScope = text/x-csharp
		$2.scope = text/x-csharp
		$0.TextStylePolicy = $3
		$3.FileWidth = 120
		$3.TabWidth = 4
		$3.EolMarker = Unix
		$3.inheritsSet = Mono
		$3.inheritsScope = text/plain
		$3.scope = text/plain
	EndGlobalSection

EndGlobal
